
Microsoft Visual Studio Solution File, Format Version 12.00
# Visual Studio Version 16
VisualStudioVersion = 16.0.32901.82
MinimumVisualStudioVersion = 10.0.40219.1
Project("{2150E333-8FDC-42A3-9474-1A3956D46DE8}") = "Solution Items", "Solution Items", "{3AECEBBA-A66A-4B64-B222-CFEBD4ED444F}"
	ProjectSection(SolutionItems) = preProject
		.dockerignore = .dockerignore
		.gitignore = .gitignore
		.travis.yml = .travis.yml
		codecov.yml = codecov.yml
		docker-compose.test.yml = docker-compose.test.yml
		Dockerfile.test = Dockerfile.test
		Dockerfile.test.build = Dockerfile.test.build
		Dockerfile.test.build.sh = Dockerfile.test.build.sh
	EndProjectSection
EndProject
Project("{9A19103F-16F7-4668-BE54-9A1E7A4F7556}") = "Com.Efrata.Service.Purchasing.WebApi", "Com.Efrata.Service.Purchasing.WebApi\Com.Efrata.Service.Purchasing.WebApi.csproj", "{4794B796-C7E6-4849-910D-ADCF4A4A5316}"
EndProject
Project("{9A19103F-16F7-4668-BE54-9A1E7A4F7556}") = "Com.Efrata.Service.Purchasing.Lib", "Com.Efrata.Service.Purchasing.Lib\Com.Efrata.Service.Purchasing.Lib.csproj", "{F968C7E0-5B06-4852-AEC9-122367B920F6}"
EndProject
Project("{9A19103F-16F7-4668-BE54-9A1E7A4F7556}") = "Com.Efrata.Service.Purchasing.Test", "Com.Efrata.Service.Purchasing.Test\Com.Efrata.Service.Purchasing.Test.csproj", "{6676A41B-6DD5-453A-8720-3B7E642E50CB}"
EndProject
Global
	GlobalSection(SolutionConfigurationPlatforms) = preSolution
		Debug|Any CPU = Debug|Any CPU
		Release|Any CPU = Release|Any CPU
	EndGlobalSection
	GlobalSection(ProjectConfigurationPlatforms) = postSolution
		{4794B796-C7E6-4849-910D-ADCF4A4A5316}.Debug|Any CPU.ActiveCfg = Debug|Any CPU
		{4794B796-C7E6-4849-910D-ADCF4A4A5316}.Debug|Any CPU.Build.0 = Debug|Any CPU
		{4794B796-C7E6-4849-910D-ADCF4A4A5316}.Release|Any CPU.ActiveCfg = Release|Any CPU
		{4794B796-C7E6-4849-910D-ADCF4A4A5316}.Release|Any CPU.Build.0 = Release|Any CPU
		{F968C7E0-5B06-4852-AEC9-122367B920F6}.Debug|Any CPU.ActiveCfg = Debug|Any CPU
		{F968C7E0-5B06-4852-AEC9-122367B920F6}.Debug|Any CPU.Build.0 = Debug|Any CPU
		{F968C7E0-5B06-4852-AEC9-122367B920F6}.Release|Any CPU.ActiveCfg = Release|Any CPU
		{F968C7E0-5B06-4852-AEC9-122367B920F6}.Release|Any CPU.Build.0 = Release|Any CPU
		{6676A41B-6DD5-453A-8720-3B7E642E50CB}.Debug|Any CPU.ActiveCfg = Debug|Any CPU
		{6676A41B-6DD5-453A-8720-3B7E642E50CB}.Debug|Any CPU.Build.0 = Debug|Any CPU
		{6676A41B-6DD5-453A-8720-3B7E642E50CB}.Release|Any CPU.ActiveCfg = Release|Any CPU
		{6676A41B-6DD5-453A-8720-3B7E642E50CB}.Release|Any CPU.Build.0 = Release|Any CPU
	EndGlobalSection
	GlobalSection(SolutionProperties) = preSolution
		HideSolutionNode = FALSE
	EndGlobalSection
	GlobalSection(ExtensibilityGlobals) = postSolution
		SolutionGuid = {8BA25B73-597A-451A-93DF-3B6610414B20}
	EndGlobalSection
EndGlobal
